
Microsoft Visual Studio Solution File, Format Version 12.00
# Visual Studio 14
VisualStudioVersion = 14.0.25420.1
MinimumVisualStudioVersion = 10.0.40219.1
Project("{FAE04EC0-301F-11D3-BF4B-00C04F79EFBC}") = "ConsoleApplication1", "ConsoleApplication1\ConsoleApplication1.csproj", "{A38ABB2F-68A7-487C-B792-AAB6B4903BB9}"
EndProject
Project("{FAE04EC0-301F-11D3-BF4B-00C04F79EFBC}") = "PW.ExtensionsLibrary", "ExtensionsLibrary\PW.ExtensionsLibrary.csproj", "{84F3206D-42CE-4910-8601-79CA5FA82FFA}"
EndProject
Global
	GlobalSection(SolutionConfigurationPlatforms) = preSolution
		Debug|Any CPU = Debug|Any CPU
		Release|Any CPU = Release|Any CPU
	EndGlobalSection
	GlobalSection(ProjectConfigurationPlatforms) = postSolution
		{A38ABB2F-68A7-487C-B792-AAB6B4903BB9}.Debug|Any CPU.ActiveCfg = Debug|Any CPU
		{A38ABB2F-68A7-487C-B792-AAB6B4903BB9}.Debug|Any CPU.Build.0 = Debug|Any CPU
		{A38ABB2F-68A7-487C-B792-AAB6B4903BB9}.Release|Any CPU.ActiveCfg = Release|Any CPU
		{A38ABB2F-68A7-487C-B792-AAB6B4903BB9}.Release|Any CPU.Build.0 = Release|Any CPU
		{84F3206D-42CE-4910-8601-79CA5FA82FFA}.Debug|Any CPU.ActiveCfg = Debug|Any CPU
		{84F3206D-42CE-4910-8601-79CA5FA82FFA}.Debug|Any CPU.Build.0 = Debug|Any CPU
		{84F3206D-42CE-4910-8601-79CA5FA82FFA}.Release|Any CPU.ActiveCfg = Release|Any CPU
		{84F3206D-42CE-4910-8601-79CA5FA82FFA}.Release|Any CPU.Build.0 = Release|Any CPU
	EndGlobalSection
	GlobalSection(SolutionProperties) = preSolution
		HideSolutionNode = FALSE
	EndGlobalSection
EndGlobal
